
Microsoft Visual Studio Solution File, Format Version 12.00
# Visual Studio Version 17
VisualStudioVersion = 17.0.32112.339
MinimumVisualStudioVersion = 10.0.40219.1
Project("{FAE04EC0-301F-11D3-BF4B-00C04F79EFBC}") = "AppTeste.UWP", "AppTeste\AppTeste.UWP\AppTeste.UWP.csproj", "{3CE416A3-D9B0-4DC6-BC6E-E1D8AA0A8E1A}"
EndProject
Project("{FAE04EC0-301F-11D3-BF4B-00C04F79EFBC}") = "AppTeste.Android", "AppTeste\AppTeste.Android\AppTeste.Android.csproj", "{A7467675-F591-4B4C-AAB2-327A76BAF919}"
EndProject
Project("{FAE04EC0-301F-11D3-BF4B-00C04F79EFBC}") = "AppTeste.iOS", "AppTeste\AppTeste.iOS\AppTeste.iOS.csproj", "{2FE68A7B-8723-4FE6-90A4-1C6633F728BB}"
EndProject
Project("{FAE04EC0-301F-11D3-BF4B-00C04F79EFBC}") = "AppTeste", "AppTeste\AppTeste\AppTeste.csproj", "{731487E8-0EE7-48F8-ABA5-11D9FB416CCE}"
EndProject
Global
	GlobalSection(SolutionConfigurationPlatforms) = preSolution
		Debug|Any CPU = Debug|Any CPU
		Debug|ARM = Debug|ARM
		Debug|iPhone = Debug|iPhone
		Debug|iPhoneSimulator = Debug|iPhoneSimulator
		Debug|x64 = Debug|x64
		Debug|x86 = Debug|x86
		Release|Any CPU = Release|Any CPU
		Release|ARM = Release|ARM
		Release|iPhone = Release|iPhone
		Release|iPhoneSimulator = Release|iPhoneSimulator
		Release|x64 = Release|x64
		Release|x86 = Release|x86
	EndGlobalSection
	GlobalSection(ProjectConfigurationPlatforms) = postSolution
		{3CE416A3-D9B0-4DC6-BC6E-E1D8AA0A8E1A}.Debug|Any CPU.ActiveCfg = Debug|x64
		{3CE416A3-D9B0-4DC6-BC6E-E1D8AA0A8E1A}.Debug|Any CPU.Build.0 = Debug|x64
		{3CE416A3-D9B0-4DC6-BC6E-E1D8AA0A8E1A}.Debug|Any CPU.Deploy.0 = Debug|x64
		{3CE416A3-D9B0-4DC6-BC6E-E1D8AA0A8E1A}.Debug|ARM.ActiveCfg = Debug|ARM
		{3CE416A3-D9B0-4DC6-BC6E-E1D8AA0A8E1A}.Debug|ARM.Build.0 = Debug|ARM
		{3CE416A3-D9B0-4DC6-BC6E-E1D8AA0A8E1A}.Debug|ARM.Deploy.0 = Debug|ARM
		{3CE416A3-D9B0-4DC6-BC6E-E1D8AA0A8E1A}.Debug|iPhone.ActiveCfg = Debug|x64
		{3CE416A3-D9B0-4DC6-BC6E-E1D8AA0A8E1A}.Debug|iPhone.Build.0 = Debug|x64
		{3CE416A3-D9B0-4DC6-BC6E-E1D8AA0A8E1A}.Debug|iPhone.Deploy.0 = Debug|x64
		{3CE416A3-D9B0-4DC6-BC6E-E1D8AA0A8E1A}.Debug|iPhoneSimulator.ActiveCfg = Debug|x64
		{3CE416A3-D9B0-4DC6-BC6E-E1D8AA0A8E1A}.Debug|iPhoneSimulator.Build.0 = Debug|x64
		{3CE416A3-D9B0-4DC6-BC6E-E1D8AA0A8E1A}.Debug|iPhoneSimulator.Deploy.0 = Debug|x64
		{3CE416A3-D9B0-4DC6-BC6E-E1D8AA0A8E1A}.Debug|x64.ActiveCfg = Debug|x64
		{3CE416A3-D9B0-4DC6-BC6E-E1D8AA0A8E1A}.Debug|x64.Build.0 = Debug|x64
		{3CE416A3-D9B0-4DC6-BC6E-E1D8AA0A8E1A}.Debug|x64.Deploy.0 = Debug|x64
		{3CE416A3-D9B0-4DC6-BC6E-E1D8AA0A8E1A}.Debug|x86.ActiveCfg = Debug|x86
		{3CE416A3-D9B0-4DC6-BC6E-E1D8AA0A8E1A}.Debug|x86.Build.0 = Debug|x86
		{3CE416A3-D9B0-4DC6-BC6E-E1D8AA0A8E1A}.Debug|x86.Deploy.0 = Debug|x86
		{3CE416A3-D9B0-4DC6-BC6E-E1D8AA0A8E1A}.Release|Any CPU.ActiveCfg = Release|x64
		{3CE416A3-D9B0-4DC6-BC6E-E1D8AA0A8E1A}.Release|Any CPU.Build.0 = Release|x64
		{3CE416A3-D9B0-4DC6-BC6E-E1D8AA0A8E1A}.Release|Any CPU.Deploy.0 = Release|x64
		{3CE416A3-D9B0-4DC6-BC6E-E1D8AA0A8E1A}.Release|ARM.ActiveCfg = Release|ARM
		{3CE416A3-D9B0-4DC6-BC6E-E1D8AA0A8E1A}.Release|ARM.Build.0 = Release|ARM
		{3CE416A3-D9B0-4DC6-BC6E-E1D8AA0A8E1A}.Release|ARM.Deploy.0 = Release|ARM
		{3CE416A3-D9B0-4DC6-BC6E-E1D8AA0A8E1A}.Release|iPhone.ActiveCfg = Release|x64
		{3CE416A3-D9B0-4DC6-BC6E-E1D8AA0A8E1A}.Release|iPhone.Build.0 = Release|x64
		{3CE416A3-D9B0-4DC6-BC6E-E1D8AA0A8E1A}.Release|iPhone.Deploy.0 = Release|x64
		{3CE416A3-D9B0-4DC6-BC6E-E1D8AA0A8E1A}.Release|iPhoneSimulator.ActiveCfg = Release|x64
		{3CE416A3-D9B0-4DC6-BC6E-E1D8AA0A8E1A}.Release|iPhoneSimulator.Build.0 = Release|x64
		{3CE416A3-D9B0-4DC6-BC6E-E1D8AA0A8E1A}.Release|iPhoneSimulator.Deploy.0 = Release|x64
		{3CE416A3-D9B0-4DC6-BC6E-E1D8AA0A8E1A}.Release|x64.ActiveCfg = Release|x64
		{3CE416A3-D9B0-4DC6-BC6E-E1D8AA0A8E1A}.Release|x64.Build.0 = Release|x64
		{3CE416A3-D9B0-4DC6-BC6E-E1D8AA0A8E1A}.Release|x64.Deploy.0 = Release|x64
		{3CE416A3-D9B0-4DC6-BC6E-E1D8AA0A8E1A}.Release|x86.ActiveCfg = Release|x86
		{3CE416A3-D9B0-4DC6-BC6E-E1D8AA0A8E1A}.Release|x86.Build.0 = Release|x86
		{3CE416A3-D9B0-4DC6-BC6E-E1D8AA0A8E1A}.Release|x86.Deploy.0 = Release|x86
		{A7467675-F591-4B4C-AAB2-327A76BAF919}.Debug|Any CPU.ActiveCfg = Debug|Any CPU
		{A7467675-F591-4B4C-AAB2-327A76BAF919}.Debug|Any CPU.Build.0 = Debug|Any CPU
		{A7467675-F591-4B4C-AAB2-327A76BAF919}.Debug|Any CPU.Deploy.0 = Debug|Any CPU
		{A7467675-F591-4B4C-AAB2-327A76BAF919}.Debug|ARM.ActiveCfg = Debug|Any CPU
		{A7467675-F591-4B4C-AAB2-327A76BAF919}.Debug|ARM.Build.0 = Debug|Any CPU
		{A7467675-F591-4B4C-AAB2-327A76BAF919}.Debug|ARM.Deploy.0 = Debug|Any CPU
		{A7467675-F591-4B4C-AAB2-327A76BAF919}.Debug|iPhone.ActiveCfg = Debug|Any CPU
		{A7467675-F591-4B4C-AAB2-327A76BAF919}.Debug|iPhone.Build.0 = Debug|Any CPU
		{A7467675-F591-4B4C-AAB2-327A76BAF919}.Debug|iPhone.Deploy.0 = Debug|Any CPU
		{A7467675-F591-4B4C-AAB2-327A76BAF919}.Debug|iPhoneSimulator.ActiveCfg = Debug|Any CPU
		{A7467675-F591-4B4C-AAB2-327A76BAF919}.Debug|iPhoneSimulator.Build.0 = Debug|Any CPU
		{A7467675-F591-4B4C-AAB2-327A76BAF919}.Debug|iPhoneSimulator.Deploy.0 = Debug|Any CPU
		{A7467675-F591-4B4C-AAB2-327A76BAF919}.Debug|x64.ActiveCfg = Debug|Any CPU
		{A7467675-F591-4B4C-AAB2-327A76BAF919}.Debug|x64.Build.0 = Debug|Any CPU
		{A7467675-F591-4B4C-AAB2-327A76BAF919}.Debug|x64.Deploy.0 = Debug|Any CPU
		{A7467675-F591-4B4C-AAB2-327A76BAF919}.Debug|x86.ActiveCfg = Debug|Any CPU
		{A7467675-F591-4B4C-AAB2-327A76BAF919}.Debug|x86.Build.0 = Debug|Any CPU
		{A7467675-F591-4B4C-AAB2-327A76BAF919}.Debug|x86.Deploy.0 = Debug|Any CPU
		{A7467675-F591-4B4C-AAB2-327A76BAF919}.Release|Any CPU.ActiveCfg = Release|Any CPU
		{A7467675-F591-4B4C-AAB2-327A76BAF919}.Release|Any CPU.Build.0 = Release|Any CPU
		{A7467675-F591-4B4C-AAB2-327A76BAF919}.Release|Any CPU.Deploy.0 = Release|Any CPU
		{A7467675-F591-4B4C-AAB2-327A76BAF919}.Release|ARM.ActiveCfg = Release|Any CPU
		{A7467675-F591-4B4C-AAB2-327A76BAF919}.Release|ARM.Build.0 = Release|Any CPU
		{A7467675-F591-4B4C-AAB2-327A76BAF919}.Release|ARM.Deploy.0 = Release|Any CPU
		{A7467675-F591-4B4C-AAB2-327A76BAF919}.Release|iPhone.ActiveCfg = Release|Any CPU
		{A7467675-F591-4B4C-AAB2-327A76BAF919}.Release|iPhone.Build.0 = Release|Any CPU
		{A7467675-F591-4B4C-AAB2-327A76BAF919}.Release|iPhone.Deploy.0 = Release|Any CPU
		{A7467675-F591-4B4C-AAB2-327A76BAF919}.Release|iPhoneSimulator.ActiveCfg = Release|Any CPU
		{A7467675-F591-4B4C-AAB2-327A76BAF919}.Release|iPhoneSimulator.Build.0 = Release|Any CPU
		{A7467675-F591-4B4C-AAB2-327A76BAF919}.Release|iPhoneSimulator.Deploy.0 = Release|Any CPU
		{A7467675-F591-4B4C-AAB2-327A76BAF919}.Release|x64.ActiveCfg = Release|Any CPU
		{A7467675-F591-4B4C-AAB2-327A76BAF919}.Release|x64.Build.0 = Release|Any CPU
		{A7467675-F591-4B4C-AAB2-327A76BAF919}.Release|x64.Deploy.0 = Release|Any CPU
		{A7467675-F591-4B4C-AAB2-327A76BAF919}.Release|x86.ActiveCfg = Release|Any CPU
		{A7467675-F591-4B4C-AAB2-327A76BAF919}.Release|x86.Build.0 = Release|Any CPU
		{A7467675-F591-4B4C-AAB2-327A76BAF919}.Release|x86.Deploy.0 = Release|Any CPU
		{2FE68A7B-8723-4FE6-90A4-1C6633F728BB}.Debug|Any CPU.ActiveCfg = Debug|iPhoneSimulator
		{2FE68A7B-8723-4FE6-90A4-1C6633F728BB}.Debug|Any CPU.Build.0 = Debug|iPhoneSimulator
		{2FE68A7B-8723-4FE6-90A4-1C6633F728BB}.Debug|Any CPU.Deploy.0 = Debug|iPhoneSimulator
		{2FE68A7B-8723-4FE6-90A4-1C6633F728BB}.Debug|ARM.ActiveCfg = Debug|iPhoneSimulator
		{2FE68A7B-8723-4FE6-90A4-1C6633F728BB}.Debug|ARM.Build.0 = Debug|iPhoneSimulator
		{2FE68A7B-8723-4FE6-90A4-1C6633F728BB}.Debug|ARM.Deploy.0 = Debug|iPhoneSimulator
		{2FE68A7B-8723-4FE6-90A4-1C6633F728BB}.Debug|iPhone.ActiveCfg = Debug|iPhone
		{2FE68A7B-8723-4FE6-90A4-1C6633F728BB}.Debug|iPhone.Build.0 = Debug|iPhone
		{2FE68A7B-8723-4FE6-90A4-1C6633F728BB}.Debug|iPhone.Deploy.0 = Debug|iPhone
		{2FE68A7B-8723-4FE6-90A4-1C6633F728BB}.Debug|iPhoneSimulator.ActiveCfg = Debug|iPhoneSimulator
		{2FE68A7B-8723-4FE6-90A4-1C6633F728BB}.Debug|iPhoneSimulator.Build.0 = Debug|iPhoneSimulator
		{2FE68A7B-8723-4FE6-90A4-1C6633F728BB}.Debug|iPhoneSimulator.Deploy.0 = Debug|iPhoneSimulator
		{2FE68A7B-8723-4FE6-90A4-1C6633F728BB}.Debug|x64.ActiveCfg = Debug|iPhone
		{2FE68A7B-8723-4FE6-90A4-1C6633F728BB}.Debug|x64.Build.0 = Debug|iPhone
		{2FE68A7B-8723-4FE6-90A4-1C6633F728BB}.Debug|x64.Deploy.0 = Debug|iPhone
		{2FE68A7B-8723-4FE6-90A4-1C6633F728BB}.Debug|x86.ActiveCfg = Debug|iPhoneSimulator
		{2FE68A7B-8723-4FE6-90A4-1C6633F728BB}.Debug|x86.Build.0 = Debug|iPhoneSimulator
		{2FE68A7B-8723-4FE6-90A4-1C6633F728BB}.Debug|x86.Deploy.0 = Debug|iPhoneSimulator
		{2FE68A7B-8723-4FE6-90A4-1C6633F728BB}.Release|Any CPU.ActiveCfg = Release|iPhoneSimulator
		{2FE68A7B-8723-4FE6-90A4-1C6633F728BB}.Release|Any CPU.Build.0 = Release|iPhoneSimulator
		{2FE68A7B-8723-4FE6-90A4-1C6633F728BB}.Release|Any CPU.Deploy.0 = Release|iPhoneSimulator
		{2FE68A7B-8723-4FE6-90A4-1C6633F728BB}.Release|ARM.ActiveCfg = Release|iPhoneSimulator
		{2FE68A7B-8723-4FE6-90A4-1C6633F728BB}.Release|ARM.Build.0 = Release|iPhoneSimulator
		{2FE68A7B-8723-4FE6-90A4-1C6633F728BB}.Release|ARM.Deploy.0 = Release|iPhoneSimulator
		{2FE68A7B-8723-4FE6-90A4-1C6633F728BB}.Release|iPhone.ActiveCfg = Release|iPhone
		{2FE68A7B-8723-4FE6-90A4-1C6633F728BB}.Release|iPhone.Build.0 = Release|iPhone
		{2FE68A7B-8723-4FE6-90A4-1C6633F728BB}.Release|iPhone.Deploy.0 = Release|iPhone
		{2FE68A7B-8723-4FE6-90A4-1C6633F728BB}.Release|iPhoneSimulator.ActiveCfg = Release|iPhoneSimulator
		{2FE68A7B-8723-4FE6-90A4-1C6633F728BB}.Release|iPhoneSimulator.Build.0 = Release|iPhoneSimulator
		{2FE68A7B-8723-4FE6-90A4-1C6633F728BB}.Release|iPhoneSimulator.Deploy.0 = Release|iPhoneSimulator
		{2FE68A7B-8723-4FE6-90A4-1C6633F728BB}.Release|x64.ActiveCfg = Release|iPhoneSimulator
		{2FE68A7B-8723-4FE6-90A4-1C6633F728BB}.Release|x64.Build.0 = Release|iPhoneSimulator
		{2FE68A7B-8723-4FE6-90A4-1C6633F728BB}.Release|x64.Deploy.0 = Release|iPhoneSimulator
		{2FE68A7B-8723-4FE6-90A4-1C6633F728BB}.Release|x86.ActiveCfg = Release|iPhoneSimulator
		{2FE68A7B-8723-4FE6-90A4-1C6633F728BB}.Release|x86.Build.0 = Release|iPhoneSimulator
		{2FE68A7B-8723-4FE6-90A4-1C6633F728BB}.Release|x86.Deploy.0 = Release|iPhoneSimulator
		{731487E8-0EE7-48F8-ABA5-11D9FB416CCE}.Debug|Any CPU.ActiveCfg = Debug|Any CPU
		{731487E8-0EE7-48F8-ABA5-11D9FB416CCE}.Debug|Any CPU.Build.0 = Debug|Any CPU
		{731487E8-0EE7-48F8-ABA5-11D9FB416CCE}.Debug|Any CPU.Deploy.0 = Debug|Any CPU
		{731487E8-0EE7-48F8-ABA5-11D9FB416CCE}.Debug|ARM.ActiveCfg = Debug|Any CPU
		{731487E8-0EE7-48F8-ABA5-11D9FB416CCE}.Debug|ARM.Build.0 = Debug|Any CPU
		{731487E8-0EE7-48F8-ABA5-11D9FB416CCE}.Debug|ARM.Deploy.0 = Debug|Any CPU
		{731487E8-0EE7-48F8-ABA5-11D9FB416CCE}.Debug|iPhone.ActiveCfg = Debug|Any CPU
		{731487E8-0EE7-48F8-ABA5-11D9FB416CCE}.Debug|iPhone.Build.0 = Debug|Any CPU
		{731487E8-0EE7-48F8-ABA5-11D9FB416CCE}.Debug|iPhone.Deploy.0 = Debug|Any CPU
		{731487E8-0EE7-48F8-ABA5-11D9FB416CCE}.Debug|iPhoneSimulator.ActiveCfg = Debug|Any CPU
		{731487E8-0EE7-48F8-ABA5-11D9FB416CCE}.Debug|iPhoneSimulator.Build.0 = Debug|Any CPU
		{731487E8-0EE7-48F8-ABA5-11D9FB416CCE}.Debug|iPhoneSimulator.Deploy.0 = Debug|Any CPU
		{731487E8-0EE7-48F8-ABA5-11D9FB416CCE}.Debug|x64.ActiveCfg = Debug|Any CPU
		{731487E8-0EE7-48F8-ABA5-11D9FB416CCE}.Debug|x64.Build.0 = Debug|Any CPU
		{731487E8-0EE7-48F8-ABA5-11D9FB416CCE}.Debug|x64.Deploy.0 = Debug|Any CPU
		{731487E8-0EE7-48F8-ABA5-11D9FB416CCE}.Debug|x86.ActiveCfg = Debug|Any CPU
		{731487E8-0EE7-48F8-ABA5-11D9FB416CCE}.Debug|x86.Build.0 = Debug|Any CPU
		{731487E8-0EE7-48F8-ABA5-11D9FB416CCE}.Debug|x86.Deploy.0 = Debug|Any CPU
		{731487E8-0EE7-48F8-ABA5-11D9FB416CCE}.Release|Any CPU.ActiveCfg = Release|Any CPU
		{731487E8-0EE7-48F8-ABA5-11D9FB416CCE}.Release|Any CPU.Build.0 = Release|Any CPU
		{731487E8-0EE7-48F8-ABA5-11D9FB416CCE}.Release|Any CPU.Deploy.0 = Release|Any CPU
		{731487E8-0EE7-48F8-ABA5-11D9FB416CCE}.Release|ARM.ActiveCfg = Release|Any CPU
		{731487E8-0EE7-48F8-ABA5-11D9FB416CCE}.Release|ARM.Build.0 = Release|Any CPU
		{731487E8-0EE7-48F8-ABA5-11D9FB416CCE}.Release|ARM.Deploy.0 = Release|Any CPU
		{731487E8-0EE7-48F8-ABA5-11D9FB416CCE}.Release|iPhone.ActiveCfg = Release|Any CPU
		{731487E8-0EE7-48F8-ABA5-11D9FB416CCE}.Release|iPhone.Build.0 = Release|Any CPU
		{731487E8-0EE7-48F8-ABA5-11D9FB416CCE}.Release|iPhone.Deploy.0 = Release|Any CPU
		{731487E8-0EE7-48F8-ABA5-11D9FB416CCE}.Release|iPhoneSimulator.ActiveCfg = Release|Any CPU
		{731487E8-0EE7-48F8-ABA5-11D9FB416CCE}.Release|iPhoneSimulator.Build.0 = Release|Any CPU
		{731487E8-0EE7-48F8-ABA5-11D9FB416CCE}.Release|iPhoneSimulator.Deploy.0 = Release|Any CPU
		{731487E8-0EE7-48F8-ABA5-11D9FB416CCE}.Release|x64.ActiveCfg = Release|Any CPU
		{731487E8-0EE7-48F8-ABA5-11D9FB416CCE}.Release|x64.Build.0 = Release|Any CPU
		{731487E8-0EE7-48F8-ABA5-11D9FB416CCE}.Release|x64.Deploy.0 = Release|Any CPU
		{731487E8-0EE7-48F8-ABA5-11D9FB416CCE}.Release|x86.ActiveCfg = Release|Any CPU
		{731487E8-0EE7-48F8-ABA5-11D9FB416CCE}.Release|x86.Build.0 = Release|Any CPU
		{731487E8-0EE7-48F8-ABA5-11D9FB416CCE}.Release|x86.Deploy.0 = Release|Any CPU
	EndGlobalSection
	GlobalSection(SolutionProperties) = preSolution
		HideSolutionNode = FALSE
	EndGlobalSection
	GlobalSection(ExtensibilityGlobals) = postSolution
		SolutionGuid = {8F1E89EC-9AA0-4769-AD3F-AFDF7CB15A0D}
	EndGlobalSection
EndGlobal
